
Microsoft Visual Studio Solution File, Format Version 12.00
# Visual Studio Version 16
VisualStudioVersion = 16.0.30204.135
MinimumVisualStudioVersion = 10.0.40219.1
Project("{FAE04EC0-301F-11D3-BF4B-00C04F79EFBC}") = "Async.Sample", "Async.Sample\Async.Sample.csproj", "{94B5ECA5-9F76-4329-889F-27AA020F1922}"
EndProject
Project("{FAE04EC0-301F-11D3-BF4B-00C04F79EFBC}") = "Console.Async.Sample", "Console.Async.Sample\Console.Async.Sample.csproj", "{FE5B811E-CCD7-4B5B-85F5-0A3AA31EDDA6}"
EndProject
Project("{FAE04EC0-301F-11D3-BF4B-00C04F79EFBC}") = "TaskSample", "Task.Sample\TaskSample.csproj", "{3EE9B735-E5F1-4D97-9826-6D2F99FC1CF1}"
EndProject
Project("{FAE04EC0-301F-11D3-BF4B-00C04F79EFBC}") = "TaskSample2", "TaskSample2\TaskSample2.csproj", "{BDA23843-A1F9-44C5-8FDE-90234D9C3F40}"
EndProject
Project("{FAE04EC0-301F-11D3-BF4B-00C04F79EFBC}") = "TaskSample3", "TaskSample3\TaskSample3.csproj", "{F6ABE300-69BA-46F0-B2FB-711A253B2D9B}"
EndProject
Project("{FAE04EC0-301F-11D3-BF4B-00C04F79EFBC}") = "ThreadSample", "ThreadSample\ThreadSample.csproj", "{6A31835E-1716-4481-A8AB-61FF9E770CD9}"
EndProject
Project("{FAE04EC0-301F-11D3-BF4B-00C04F79EFBC}") = "TaskSample4", "TaskSample4\TaskSample4.csproj", "{A137309A-1ABF-4F45-9C51-B1A6582FF849}"
EndProject
Global
	GlobalSection(SolutionConfigurationPlatforms) = preSolution
		Debug|Any CPU = Debug|Any CPU
		Release|Any CPU = Release|Any CPU
	EndGlobalSection
	GlobalSection(ProjectConfigurationPlatforms) = postSolution
		{94B5ECA5-9F76-4329-889F-27AA020F1922}.Debug|Any CPU.ActiveCfg = Debug|Any CPU
		{94B5ECA5-9F76-4329-889F-27AA020F1922}.Debug|Any CPU.Build.0 = Debug|Any CPU
		{94B5ECA5-9F76-4329-889F-27AA020F1922}.Release|Any CPU.ActiveCfg = Release|Any CPU
		{94B5ECA5-9F76-4329-889F-27AA020F1922}.Release|Any CPU.Build.0 = Release|Any CPU
		{FE5B811E-CCD7-4B5B-85F5-0A3AA31EDDA6}.Debug|Any CPU.ActiveCfg = Debug|Any CPU
		{FE5B811E-CCD7-4B5B-85F5-0A3AA31EDDA6}.Debug|Any CPU.Build.0 = Debug|Any CPU
		{FE5B811E-CCD7-4B5B-85F5-0A3AA31EDDA6}.Release|Any CPU.ActiveCfg = Release|Any CPU
		{FE5B811E-CCD7-4B5B-85F5-0A3AA31EDDA6}.Release|Any CPU.Build.0 = Release|Any CPU
		{3EE9B735-E5F1-4D97-9826-6D2F99FC1CF1}.Debug|Any CPU.ActiveCfg = Debug|Any CPU
		{3EE9B735-E5F1-4D97-9826-6D2F99FC1CF1}.Debug|Any CPU.Build.0 = Debug|Any CPU
		{3EE9B735-E5F1-4D97-9826-6D2F99FC1CF1}.Release|Any CPU.ActiveCfg = Release|Any CPU
		{3EE9B735-E5F1-4D97-9826-6D2F99FC1CF1}.Release|Any CPU.Build.0 = Release|Any CPU
		{BDA23843-A1F9-44C5-8FDE-90234D9C3F40}.Debug|Any CPU.ActiveCfg = Debug|Any CPU
		{BDA23843-A1F9-44C5-8FDE-90234D9C3F40}.Debug|Any CPU.Build.0 = Debug|Any CPU
		{BDA23843-A1F9-44C5-8FDE-90234D9C3F40}.Release|Any CPU.ActiveCfg = Release|Any CPU
		{BDA23843-A1F9-44C5-8FDE-90234D9C3F40}.Release|Any CPU.Build.0 = Release|Any CPU
		{F6ABE300-69BA-46F0-B2FB-711A253B2D9B}.Debug|Any CPU.ActiveCfg = Debug|Any CPU
		{F6ABE300-69BA-46F0-B2FB-711A253B2D9B}.Debug|Any CPU.Build.0 = Debug|Any CPU
		{F6ABE300-69BA-46F0-B2FB-711A253B2D9B}.Release|Any CPU.ActiveCfg = Release|Any CPU
		{F6ABE300-69BA-46F0-B2FB-711A253B2D9B}.Release|Any CPU.Build.0 = Release|Any CPU
		{6A31835E-1716-4481-A8AB-61FF9E770CD9}.Debug|Any CPU.ActiveCfg = Debug|Any CPU
		{6A31835E-1716-4481-A8AB-61FF9E770CD9}.Debug|Any CPU.Build.0 = Debug|Any CPU
		{6A31835E-1716-4481-A8AB-61FF9E770CD9}.Release|Any CPU.ActiveCfg = Release|Any CPU
		{6A31835E-1716-4481-A8AB-61FF9E770CD9}.Release|Any CPU.Build.0 = Release|Any CPU
		{A137309A-1ABF-4F45-9C51-B1A6582FF849}.Debug|Any CPU.ActiveCfg = Debug|Any CPU
		{A137309A-1ABF-4F45-9C51-B1A6582FF849}.Debug|Any CPU.Build.0 = Debug|Any CPU
		{A137309A-1ABF-4F45-9C51-B1A6582FF849}.Release|Any CPU.ActiveCfg = Release|Any CPU
		{A137309A-1ABF-4F45-9C51-B1A6582FF849}.Release|Any CPU.Build.0 = Release|Any CPU
	EndGlobalSection
	GlobalSection(SolutionProperties) = preSolution
		HideSolutionNode = FALSE
	EndGlobalSection
	GlobalSection(ExtensibilityGlobals) = postSolution
		SolutionGuid = {DF8AAD85-4815-4A01-949B-6516764E4C19}
	EndGlobalSection
EndGlobal
